
Microsoft Visual Studio Solution File, Format Version 12.00
# Visual Studio Version 17
VisualStudioVersion = 17.8.34330.188
MinimumVisualStudioVersion = 10.0.40219.1
Project("{FAE04EC0-301F-11D3-BF4B-00C04F79EFBC}") = "idk", "idk\idk.csproj", "{691BF3D2-2CA0-4CB0-854E-8E33FC8F7C30}"
EndProject
Global
	GlobalSection(SolutionConfigurationPlatforms) = preSolution
		Debug|Any CPU = Debug|Any CPU
		Release|Any CPU = Release|Any CPU
	EndGlobalSection
	GlobalSection(ProjectConfigurationPlatforms) = postSolution
		{691BF3D2-2CA0-4CB0-854E-8E33FC8F7C30}.Debug|Any CPU.ActiveCfg = Debug|Any CPU
		{691BF3D2-2CA0-4CB0-854E-8E33FC8F7C30}.Debug|Any CPU.Build.0 = Debug|Any CPU
		{691BF3D2-2CA0-4CB0-854E-8E33FC8F7C30}.Release|Any CPU.ActiveCfg = Release|Any CPU
		{691BF3D2-2CA0-4CB0-854E-8E33FC8F7C30}.Release|Any CPU.Build.0 = Release|Any CPU
	EndGlobalSection
	GlobalSection(SolutionProperties) = preSolution
		HideSolutionNode = FALSE
	EndGlobalSection
	GlobalSection(ExtensibilityGlobals) = postSolution
		SolutionGuid = {DC759AB9-EB84-4027-92F9-98B5A6BAC9A8}
	EndGlobalSection
EndGlobal
